
Microsoft Visual Studio Solution File, Format Version 12.00
# Visual Studio Version 16
VisualStudioVersion = 16.0.32106.194
MinimumVisualStudioVersion = 10.0.40219.1
Project("{FAE04EC0-301F-11D3-BF4B-00C04F79EFBC}") = "AnalyseurTestextV2", "AnalyseurTestextV2\AnalyseurTestextV2.csproj", "{B6631E19-790F-43C0-A8F0-A6C67CBCBDA9}"
EndProject
Global
	GlobalSection(SolutionConfigurationPlatforms) = preSolution
		Debug|Any CPU = Debug|Any CPU
		Release|Any CPU = Release|Any CPU
	EndGlobalSection
	GlobalSection(ProjectConfigurationPlatforms) = postSolution
		{B6631E19-790F-43C0-A8F0-A6C67CBCBDA9}.Debug|Any CPU.ActiveCfg = Debug|Any CPU
		{B6631E19-790F-43C0-A8F0-A6C67CBCBDA9}.Debug|Any CPU.Build.0 = Debug|Any CPU
		{B6631E19-790F-43C0-A8F0-A6C67CBCBDA9}.Release|Any CPU.ActiveCfg = Release|Any CPU
		{B6631E19-790F-43C0-A8F0-A6C67CBCBDA9}.Release|Any CPU.Build.0 = Release|Any CPU
	EndGlobalSection
	GlobalSection(SolutionProperties) = preSolution
		HideSolutionNode = FALSE
	EndGlobalSection
	GlobalSection(ExtensibilityGlobals) = postSolution
		SolutionGuid = {800C2922-1D08-4D1F-B530-FBFD132AB70F}
	EndGlobalSection
EndGlobal
